
Microsoft Visual Studio Solution File, Format Version 12.00
# Visual Studio Version 16
VisualStudioVersion = 16.0.30011.22
MinimumVisualStudioVersion = 10.0.40219.1
Project("{9A19103F-16F7-4668-BE54-9A1E7A4F7556}") = "CRUDAngular", "CRUDAngular\CRUDAngular.csproj", "{7AFB66B0-095A-4F20-895A-46AEC1379687}"
EndProject
Project("{9A19103F-16F7-4668-BE54-9A1E7A4F7556}") = "CRUDAngular.UnitTest", "CRUDAngular.UnitTest\CRUDAngular.UnitTest.csproj", "{6C3B1761-03F6-4D76-B82E-A284F36052EA}"
EndProject
Global
	GlobalSection(SolutionConfigurationPlatforms) = preSolution
		Debug|Any CPU = Debug|Any CPU
		Release|Any CPU = Release|Any CPU
	EndGlobalSection
	GlobalSection(ProjectConfigurationPlatforms) = postSolution
		{7AFB66B0-095A-4F20-895A-46AEC1379687}.Debug|Any CPU.ActiveCfg = Debug|Any CPU
		{7AFB66B0-095A-4F20-895A-46AEC1379687}.Debug|Any CPU.Build.0 = Debug|Any CPU
		{7AFB66B0-095A-4F20-895A-46AEC1379687}.Release|Any CPU.ActiveCfg = Release|Any CPU
		{7AFB66B0-095A-4F20-895A-46AEC1379687}.Release|Any CPU.Build.0 = Release|Any CPU
		{6C3B1761-03F6-4D76-B82E-A284F36052EA}.Debug|Any CPU.ActiveCfg = Debug|Any CPU
		{6C3B1761-03F6-4D76-B82E-A284F36052EA}.Debug|Any CPU.Build.0 = Debug|Any CPU
		{6C3B1761-03F6-4D76-B82E-A284F36052EA}.Release|Any CPU.ActiveCfg = Release|Any CPU
		{6C3B1761-03F6-4D76-B82E-A284F36052EA}.Release|Any CPU.Build.0 = Release|Any CPU
	EndGlobalSection
	GlobalSection(SolutionProperties) = preSolution
		HideSolutionNode = FALSE
	EndGlobalSection
	GlobalSection(ExtensibilityGlobals) = postSolution
		SolutionGuid = {E6841EE2-D792-464F-8FF3-47617FB0A1B7}
	EndGlobalSection
EndGlobal
